
Microsoft Visual Studio Solution File, Format Version 12.00
# Visual Studio Version 17
VisualStudioVersion = 17.1.32328.378
MinimumVisualStudioVersion = 10.0.40219.1
Project("{9A19103F-16F7-4668-BE54-9A1E7A4F7556}") = "Marketplace.Core", "Marketplace.Core\Marketplace.Core.csproj", "{059B2275-5209-4EFF-8C08-B0F012F3E09E}"
EndProject
Project("{9A19103F-16F7-4668-BE54-9A1E7A4F7556}") = "Marketplace.Data", "Marketplace.Data\Marketplace.Data.csproj", "{79636390-388E-45BB-89F9-21B14A4D528C}"
EndProject
Project("{9A19103F-16F7-4668-BE54-9A1E7A4F7556}") = "Marketplace.Services", "Marketplace.Services\Marketplace.Services.csproj", "{4328560D-D76B-474B-8081-2DE9F500E77B}"
EndProject
Project("{9A19103F-16F7-4668-BE54-9A1E7A4F7556}") = "Marketplace.Infrastructure", "Marketplace.Infrastructure\Marketplace.Infrastructure.csproj", "{89432215-227A-4898-8730-A222FC7BA843}"
EndProject
Project("{9A19103F-16F7-4668-BE54-9A1E7A4F7556}") = "Marketplace.Shared", "Marketplace.Shared\Marketplace.Shared.csproj", "{65EE9FCA-B191-4BE4-ACFC-2111988B08BD}"
EndProject
Project("{9A19103F-16F7-4668-BE54-9A1E7A4F7556}") = "Marketplace.WebAPI", "Marketplace.WebAPI\Marketplace.WebAPI.csproj", "{D9733668-F12E-450B-9ACA-59DF7AC9B2B8}"
EndProject
Project("{9A19103F-16F7-4668-BE54-9A1E7A4F7556}") = "MarketplaceServices.Tests", "Tests\MarketplaceServices.Tests\MarketplaceServices.Tests.csproj", "{A966824A-D7BF-4265-B79E-8E88B58FE27F}"
EndProject
Project("{9A19103F-16F7-4668-BE54-9A1E7A4F7556}") = "MarketplaceWebAPI.Tests", "Tests\MarketplaceWebAPI.Tests\MarketplaceWebAPI.Tests.csproj", "{848CC88E-52D3-4E7E-A3E8-6D09584885B3}"
EndProject
Project("{FAE04EC0-301F-11D3-BF4B-00C04F79EFBC}") = "Marketplace.IdentityServer", "Marketplace.IdentityServer\Marketplace.IdentityServer.csproj", "{900C5FA9-B58D-4AAD-91B3-80B410C53DC8}"
EndProject
Global
	GlobalSection(SolutionConfigurationPlatforms) = preSolution
		Debug|Any CPU = Debug|Any CPU
		Release|Any CPU = Release|Any CPU
	EndGlobalSection
	GlobalSection(ProjectConfigurationPlatforms) = postSolution
		{059B2275-5209-4EFF-8C08-B0F012F3E09E}.Debug|Any CPU.ActiveCfg = Debug|Any CPU
		{059B2275-5209-4EFF-8C08-B0F012F3E09E}.Debug|Any CPU.Build.0 = Debug|Any CPU
		{059B2275-5209-4EFF-8C08-B0F012F3E09E}.Release|Any CPU.ActiveCfg = Release|Any CPU
		{059B2275-5209-4EFF-8C08-B0F012F3E09E}.Release|Any CPU.Build.0 = Release|Any CPU
		{79636390-388E-45BB-89F9-21B14A4D528C}.Debug|Any CPU.ActiveCfg = Debug|Any CPU
		{79636390-388E-45BB-89F9-21B14A4D528C}.Debug|Any CPU.Build.0 = Debug|Any CPU
		{79636390-388E-45BB-89F9-21B14A4D528C}.Release|Any CPU.ActiveCfg = Release|Any CPU
		{79636390-388E-45BB-89F9-21B14A4D528C}.Release|Any CPU.Build.0 = Release|Any CPU
		{4328560D-D76B-474B-8081-2DE9F500E77B}.Debug|Any CPU.ActiveCfg = Debug|Any CPU
		{4328560D-D76B-474B-8081-2DE9F500E77B}.Debug|Any CPU.Build.0 = Debug|Any CPU
		{4328560D-D76B-474B-8081-2DE9F500E77B}.Release|Any CPU.ActiveCfg = Release|Any CPU
		{4328560D-D76B-474B-8081-2DE9F500E77B}.Release|Any CPU.Build.0 = Release|Any CPU
		{89432215-227A-4898-8730-A222FC7BA843}.Debug|Any CPU.ActiveCfg = Debug|Any CPU
		{89432215-227A-4898-8730-A222FC7BA843}.Debug|Any CPU.Build.0 = Debug|Any CPU
		{89432215-227A-4898-8730-A222FC7BA843}.Release|Any CPU.ActiveCfg = Release|Any CPU
		{89432215-227A-4898-8730-A222FC7BA843}.Release|Any CPU.Build.0 = Release|Any CPU
		{65EE9FCA-B191-4BE4-ACFC-2111988B08BD}.Debug|Any CPU.ActiveCfg = Debug|Any CPU
		{65EE9FCA-B191-4BE4-ACFC-2111988B08BD}.Debug|Any CPU.Build.0 = Debug|Any CPU
		{65EE9FCA-B191-4BE4-ACFC-2111988B08BD}.Release|Any CPU.ActiveCfg = Release|Any CPU
		{65EE9FCA-B191-4BE4-ACFC-2111988B08BD}.Release|Any CPU.Build.0 = Release|Any CPU
		{D9733668-F12E-450B-9ACA-59DF7AC9B2B8}.Debug|Any CPU.ActiveCfg = Debug|Any CPU
		{D9733668-F12E-450B-9ACA-59DF7AC9B2B8}.Debug|Any CPU.Build.0 = Debug|Any CPU
		{D9733668-F12E-450B-9ACA-59DF7AC9B2B8}.Release|Any CPU.ActiveCfg = Release|Any CPU
		{D9733668-F12E-450B-9ACA-59DF7AC9B2B8}.Release|Any CPU.Build.0 = Release|Any CPU
		{A966824A-D7BF-4265-B79E-8E88B58FE27F}.Debug|Any CPU.ActiveCfg = Debug|Any CPU
		{A966824A-D7BF-4265-B79E-8E88B58FE27F}.Debug|Any CPU.Build.0 = Debug|Any CPU
		{A966824A-D7BF-4265-B79E-8E88B58FE27F}.Release|Any CPU.ActiveCfg = Release|Any CPU
		{A966824A-D7BF-4265-B79E-8E88B58FE27F}.Release|Any CPU.Build.0 = Release|Any CPU
		{848CC88E-52D3-4E7E-A3E8-6D09584885B3}.Debug|Any CPU.ActiveCfg = Debug|Any CPU
		{848CC88E-52D3-4E7E-A3E8-6D09584885B3}.Debug|Any CPU.Build.0 = Debug|Any CPU
		{848CC88E-52D3-4E7E-A3E8-6D09584885B3}.Release|Any CPU.ActiveCfg = Release|Any CPU
		{848CC88E-52D3-4E7E-A3E8-6D09584885B3}.Release|Any CPU.Build.0 = Release|Any CPU
		{900C5FA9-B58D-4AAD-91B3-80B410C53DC8}.Debug|Any CPU.ActiveCfg = Debug|Any CPU
		{900C5FA9-B58D-4AAD-91B3-80B410C53DC8}.Debug|Any CPU.Build.0 = Debug|Any CPU
		{900C5FA9-B58D-4AAD-91B3-80B410C53DC8}.Release|Any CPU.ActiveCfg = Release|Any CPU
		{900C5FA9-B58D-4AAD-91B3-80B410C53DC8}.Release|Any CPU.Build.0 = Release|Any CPU
	EndGlobalSection
	GlobalSection(SolutionProperties) = preSolution
		HideSolutionNode = FALSE
	EndGlobalSection
	GlobalSection(ExtensibilityGlobals) = postSolution
		SolutionGuid = {A45E0EC7-97BA-4F0F-B662-4251D705ADE6}
	EndGlobalSection
EndGlobal
